
Microsoft Visual Studio Solution File, Format Version 12.00
# Visual Studio Version 17
VisualStudioVersion = 17.4.33213.308
MinimumVisualStudioVersion = 10.0.40219.1
Project("{FAE04EC0-301F-11D3-BF4B-00C04F79EFBC}") = "RoomExample", "RoomExample\RoomExample.csproj", "{FF1C4567-7C0A-4E9C-A337-52183BF1D1D9}"
EndProject
Global
	GlobalSection(SolutionConfigurationPlatforms) = preSolution
		Debug|Any CPU = Debug|Any CPU
		Release|Any CPU = Release|Any CPU
	EndGlobalSection
	GlobalSection(ProjectConfigurationPlatforms) = postSolution
		{FF1C4567-7C0A-4E9C-A337-52183BF1D1D9}.Debug|Any CPU.ActiveCfg = Debug|Any CPU
		{FF1C4567-7C0A-4E9C-A337-52183BF1D1D9}.Debug|Any CPU.Build.0 = Debug|Any CPU
		{FF1C4567-7C0A-4E9C-A337-52183BF1D1D9}.Release|Any CPU.ActiveCfg = Release|Any CPU
		{FF1C4567-7C0A-4E9C-A337-52183BF1D1D9}.Release|Any CPU.Build.0 = Release|Any CPU
	EndGlobalSection
	GlobalSection(SolutionProperties) = preSolution
		HideSolutionNode = FALSE
	EndGlobalSection
	GlobalSection(ExtensibilityGlobals) = postSolution
		SolutionGuid = {6A10E393-C077-47D5-A2AD-194250191672}
	EndGlobalSection
EndGlobal
